
Microsoft Visual Studio Solution File, Format Version 12.00
# Visual Studio 15
VisualStudioVersion = 15.0.28307.539
MinimumVisualStudioVersion = 10.0.40219.1
Project("{FAE04EC0-301F-11D3-BF4B-00C04F79EFBC}") = "TSS_Support_Sytem", "TSS_Support_Sytem\TSS_Support_Sytem.csproj", "{16676AF0-49E8-4214-A4E1-7FE9C60DA9C6}"
EndProject
Global
	GlobalSection(SolutionConfigurationPlatforms) = preSolution
		Debug|Any CPU = Debug|Any CPU
		Release|Any CPU = Release|Any CPU
	EndGlobalSection
	GlobalSection(ProjectConfigurationPlatforms) = postSolution
		{16676AF0-49E8-4214-A4E1-7FE9C60DA9C6}.Debug|Any CPU.ActiveCfg = Debug|Any CPU
		{16676AF0-49E8-4214-A4E1-7FE9C60DA9C6}.Debug|Any CPU.Build.0 = Debug|Any CPU
		{16676AF0-49E8-4214-A4E1-7FE9C60DA9C6}.Release|Any CPU.ActiveCfg = Release|Any CPU
		{16676AF0-49E8-4214-A4E1-7FE9C60DA9C6}.Release|Any CPU.Build.0 = Release|Any CPU
	EndGlobalSection
	GlobalSection(SolutionProperties) = preSolution
		HideSolutionNode = FALSE
	EndGlobalSection
	GlobalSection(ExtensibilityGlobals) = postSolution
		SolutionGuid = {CD2DD75A-E1C5-4131-A7A6-E2B6EAA2D857}
	EndGlobalSection
EndGlobal
